
Microsoft Visual Studio Solution File, Format Version 12.00
# Visual Studio 15
VisualStudioVersion = 15.0.26228.9
MinimumVisualStudioVersion = 10.0.40219.1
Project("{8BC9CEB8-8B4A-11D0-8D11-00A0C91BC942}") = "util", "util\util.vcxproj", "{4B0E28E3-49C8-4A51-94A8-465C289C4552}"
EndProject
Project("{8BC9CEB8-8B4A-11D0-8D11-00A0C91BC942}") = "parsing", "parsing\parsing.vcxproj", "{F3582DF3-2173-4B4E-B44C-4C7DE9399F13}"
	ProjectSection(ProjectDependencies) = postProject
		{A1707648-3FDB-4568-BE3D-A5B43C43A96A} = {A1707648-3FDB-4568-BE3D-A5B43C43A96A}
		{4B0E28E3-49C8-4A51-94A8-465C289C4552} = {4B0E28E3-49C8-4A51-94A8-465C289C4552}
	EndProjectSection
EndProject
Project("{8BC9CEB8-8B4A-11D0-8D11-00A0C91BC942}") = "codedom", "codedom\codedom.vcxproj", "{A1707648-3FDB-4568-BE3D-A5B43C43A96A}"
	ProjectSection(ProjectDependencies) = postProject
		{4B0E28E3-49C8-4A51-94A8-465C289C4552} = {4B0E28E3-49C8-4A51-94A8-465C289C4552}
	EndProjectSection
EndProject
Project("{8BC9CEB8-8B4A-11D0-8D11-00A0C91BC942}") = "syntax", "syntax\syntax.vcxproj", "{D942886F-289D-46CE-A8D3-C7A66DD0473E}"
	ProjectSection(ProjectDependencies) = postProject
		{A1707648-3FDB-4568-BE3D-A5B43C43A96A} = {A1707648-3FDB-4568-BE3D-A5B43C43A96A}
		{4B0E28E3-49C8-4A51-94A8-465C289C4552} = {4B0E28E3-49C8-4A51-94A8-465C289C4552}
		{F3582DF3-2173-4B4E-B44C-4C7DE9399F13} = {F3582DF3-2173-4B4E-B44C-4C7DE9399F13}
		{1FE0B6FB-7FA7-4D75-9A2E-96D903E3B951} = {1FE0B6FB-7FA7-4D75-9A2E-96D903E3B951}
	EndProjectSection
EndProject
Project("{8BC9CEB8-8B4A-11D0-8D11-00A0C91BC942}") = "generator", "generator\generator.vcxproj", "{7ED34AFA-C22F-43CD-97CA-7410B5D6602F}"
	ProjectSection(ProjectDependencies) = postProject
		{A1707648-3FDB-4568-BE3D-A5B43C43A96A} = {A1707648-3FDB-4568-BE3D-A5B43C43A96A}
		{D942886F-289D-46CE-A8D3-C7A66DD0473E} = {D942886F-289D-46CE-A8D3-C7A66DD0473E}
		{4B0E28E3-49C8-4A51-94A8-465C289C4552} = {4B0E28E3-49C8-4A51-94A8-465C289C4552}
		{F3582DF3-2173-4B4E-B44C-4C7DE9399F13} = {F3582DF3-2173-4B4E-B44C-4C7DE9399F13}
	EndProjectSection
EndProject
Project("{8BC9CEB8-8B4A-11D0-8D11-00A0C91BC942}") = "code", "code\code.vcxproj", "{1FE0B6FB-7FA7-4D75-9A2E-96D903E3B951}"
	ProjectSection(ProjectDependencies) = postProject
		{A1707648-3FDB-4568-BE3D-A5B43C43A96A} = {A1707648-3FDB-4568-BE3D-A5B43C43A96A}
		{4B0E28E3-49C8-4A51-94A8-465C289C4552} = {4B0E28E3-49C8-4A51-94A8-465C289C4552}
		{F3582DF3-2173-4B4E-B44C-4C7DE9399F13} = {F3582DF3-2173-4B4E-B44C-4C7DE9399F13}
	EndProjectSection
EndProject
Project("{8BC9CEB8-8B4A-11D0-8D11-00A0C91BC942}") = "xml", "xml\xml.vcxproj", "{F4F46D51-3DC8-4D84-9C77-97DC81AE7673}"
	ProjectSection(ProjectDependencies) = postProject
		{A1707648-3FDB-4568-BE3D-A5B43C43A96A} = {A1707648-3FDB-4568-BE3D-A5B43C43A96A}
		{D942886F-289D-46CE-A8D3-C7A66DD0473E} = {D942886F-289D-46CE-A8D3-C7A66DD0473E}
		{4B0E28E3-49C8-4A51-94A8-465C289C4552} = {4B0E28E3-49C8-4A51-94A8-465C289C4552}
		{F3582DF3-2173-4B4E-B44C-4C7DE9399F13} = {F3582DF3-2173-4B4E-B44C-4C7DE9399F13}
		{7ED34AFA-C22F-43CD-97CA-7410B5D6602F} = {7ED34AFA-C22F-43CD-97CA-7410B5D6602F}
		{1FE0B6FB-7FA7-4D75-9A2E-96D903E3B951} = {1FE0B6FB-7FA7-4D75-9A2E-96D903E3B951}
	EndProjectSection
EndProject
Project("{8BC9CEB8-8B4A-11D0-8D11-00A0C91BC942}") = "unicode", "unicode\unicode.vcxproj", "{467B3B96-706C-43FE-9530-76984D73483E}"
	ProjectSection(ProjectDependencies) = postProject
		{A1707648-3FDB-4568-BE3D-A5B43C43A96A} = {A1707648-3FDB-4568-BE3D-A5B43C43A96A}
		{F4F46D51-3DC8-4D84-9C77-97DC81AE7673} = {F4F46D51-3DC8-4D84-9C77-97DC81AE7673}
		{D942886F-289D-46CE-A8D3-C7A66DD0473E} = {D942886F-289D-46CE-A8D3-C7A66DD0473E}
		{4B0E28E3-49C8-4A51-94A8-465C289C4552} = {4B0E28E3-49C8-4A51-94A8-465C289C4552}
		{F3582DF3-2173-4B4E-B44C-4C7DE9399F13} = {F3582DF3-2173-4B4E-B44C-4C7DE9399F13}
		{7ED34AFA-C22F-43CD-97CA-7410B5D6602F} = {7ED34AFA-C22F-43CD-97CA-7410B5D6602F}
		{1FE0B6FB-7FA7-4D75-9A2E-96D903E3B951} = {1FE0B6FB-7FA7-4D75-9A2E-96D903E3B951}
	EndProjectSection
EndProject
Global
	GlobalSection(SolutionConfigurationPlatforms) = preSolution
		Debug|x64 = Debug|x64
		Debug|x86 = Debug|x86
		Release|x64 = Release|x64
		Release|x86 = Release|x86
	EndGlobalSection
	GlobalSection(ProjectConfigurationPlatforms) = postSolution
		{4B0E28E3-49C8-4A51-94A8-465C289C4552}.Debug|x64.ActiveCfg = Debug|x64
		{4B0E28E3-49C8-4A51-94A8-465C289C4552}.Debug|x64.Build.0 = Debug|x64
		{4B0E28E3-49C8-4A51-94A8-465C289C4552}.Debug|x86.ActiveCfg = Debug|Win32
		{4B0E28E3-49C8-4A51-94A8-465C289C4552}.Debug|x86.Build.0 = Debug|Win32
		{4B0E28E3-49C8-4A51-94A8-465C289C4552}.Release|x64.ActiveCfg = Release|x64
		{4B0E28E3-49C8-4A51-94A8-465C289C4552}.Release|x64.Build.0 = Release|x64
		{4B0E28E3-49C8-4A51-94A8-465C289C4552}.Release|x86.ActiveCfg = Release|Win32
		{4B0E28E3-49C8-4A51-94A8-465C289C4552}.Release|x86.Build.0 = Release|Win32
		{F3582DF3-2173-4B4E-B44C-4C7DE9399F13}.Debug|x64.ActiveCfg = Debug|x64
		{F3582DF3-2173-4B4E-B44C-4C7DE9399F13}.Debug|x64.Build.0 = Debug|x64
		{F3582DF3-2173-4B4E-B44C-4C7DE9399F13}.Debug|x86.ActiveCfg = Debug|Win32
		{F3582DF3-2173-4B4E-B44C-4C7DE9399F13}.Debug|x86.Build.0 = Debug|Win32
		{F3582DF3-2173-4B4E-B44C-4C7DE9399F13}.Release|x64.ActiveCfg = Release|x64
		{F3582DF3-2173-4B4E-B44C-4C7DE9399F13}.Release|x64.Build.0 = Release|x64
		{F3582DF3-2173-4B4E-B44C-4C7DE9399F13}.Release|x86.ActiveCfg = Release|Win32
		{F3582DF3-2173-4B4E-B44C-4C7DE9399F13}.Release|x86.Build.0 = Release|Win32
		{A1707648-3FDB-4568-BE3D-A5B43C43A96A}.Debug|x64.ActiveCfg = Debug|x64
		{A1707648-3FDB-4568-BE3D-A5B43C43A96A}.Debug|x64.Build.0 = Debug|x64
		{A1707648-3FDB-4568-BE3D-A5B43C43A96A}.Debug|x86.ActiveCfg = Debug|Win32
		{A1707648-3FDB-4568-BE3D-A5B43C43A96A}.Debug|x86.Build.0 = Debug|Win32
		{A1707648-3FDB-4568-BE3D-A5B43C43A96A}.Release|x64.ActiveCfg = Release|x64
		{A1707648-3FDB-4568-BE3D-A5B43C43A96A}.Release|x64.Build.0 = Release|x64
		{A1707648-3FDB-4568-BE3D-A5B43C43A96A}.Release|x86.ActiveCfg = Release|Win32
		{A1707648-3FDB-4568-BE3D-A5B43C43A96A}.Release|x86.Build.0 = Release|Win32
		{D942886F-289D-46CE-A8D3-C7A66DD0473E}.Debug|x64.ActiveCfg = Debug|x64
		{D942886F-289D-46CE-A8D3-C7A66DD0473E}.Debug|x64.Build.0 = Debug|x64
		{D942886F-289D-46CE-A8D3-C7A66DD0473E}.Debug|x86.ActiveCfg = Debug|Win32
		{D942886F-289D-46CE-A8D3-C7A66DD0473E}.Debug|x86.Build.0 = Debug|Win32
		{D942886F-289D-46CE-A8D3-C7A66DD0473E}.Release|x64.ActiveCfg = Release|x64
		{D942886F-289D-46CE-A8D3-C7A66DD0473E}.Release|x64.Build.0 = Release|x64
		{D942886F-289D-46CE-A8D3-C7A66DD0473E}.Release|x86.ActiveCfg = Release|Win32
		{D942886F-289D-46CE-A8D3-C7A66DD0473E}.Release|x86.Build.0 = Release|Win32
		{7ED34AFA-C22F-43CD-97CA-7410B5D6602F}.Debug|x64.ActiveCfg = Debug|x64
		{7ED34AFA-C22F-43CD-97CA-7410B5D6602F}.Debug|x64.Build.0 = Debug|x64
		{7ED34AFA-C22F-43CD-97CA-7410B5D6602F}.Debug|x86.ActiveCfg = Debug|Win32
		{7ED34AFA-C22F-43CD-97CA-7410B5D6602F}.Debug|x86.Build.0 = Debug|Win32
		{7ED34AFA-C22F-43CD-97CA-7410B5D6602F}.Release|x64.ActiveCfg = Release|x64
		{7ED34AFA-C22F-43CD-97CA-7410B5D6602F}.Release|x64.Build.0 = Release|x64
		{7ED34AFA-C22F-43CD-97CA-7410B5D6602F}.Release|x86.ActiveCfg = Release|Win32
		{7ED34AFA-C22F-43CD-97CA-7410B5D6602F}.Release|x86.Build.0 = Release|Win32
		{1FE0B6FB-7FA7-4D75-9A2E-96D903E3B951}.Debug|x64.ActiveCfg = Debug|x64
		{1FE0B6FB-7FA7-4D75-9A2E-96D903E3B951}.Debug|x64.Build.0 = Debug|x64
		{1FE0B6FB-7FA7-4D75-9A2E-96D903E3B951}.Debug|x86.ActiveCfg = Debug|Win32
		{1FE0B6FB-7FA7-4D75-9A2E-96D903E3B951}.Debug|x86.Build.0 = Debug|Win32
		{1FE0B6FB-7FA7-4D75-9A2E-96D903E3B951}.Release|x64.ActiveCfg = Release|x64
		{1FE0B6FB-7FA7-4D75-9A2E-96D903E3B951}.Release|x64.Build.0 = Release|x64
		{1FE0B6FB-7FA7-4D75-9A2E-96D903E3B951}.Release|x86.ActiveCfg = Release|Win32
		{1FE0B6FB-7FA7-4D75-9A2E-96D903E3B951}.Release|x86.Build.0 = Release|Win32
		{F4F46D51-3DC8-4D84-9C77-97DC81AE7673}.Debug|x64.ActiveCfg = Debug|x64
		{F4F46D51-3DC8-4D84-9C77-97DC81AE7673}.Debug|x64.Build.0 = Debug|x64
		{F4F46D51-3DC8-4D84-9C77-97DC81AE7673}.Debug|x86.ActiveCfg = Debug|Win32
		{F4F46D51-3DC8-4D84-9C77-97DC81AE7673}.Debug|x86.Build.0 = Debug|Win32
		{F4F46D51-3DC8-4D84-9C77-97DC81AE7673}.Release|x64.ActiveCfg = Release|x64
		{F4F46D51-3DC8-4D84-9C77-97DC81AE7673}.Release|x64.Build.0 = Release|x64
		{F4F46D51-3DC8-4D84-9C77-97DC81AE7673}.Release|x86.ActiveCfg = Release|Win32
		{F4F46D51-3DC8-4D84-9C77-97DC81AE7673}.Release|x86.Build.0 = Release|Win32
		{467B3B96-706C-43FE-9530-76984D73483E}.Debug|x64.ActiveCfg = Debug|x64
		{467B3B96-706C-43FE-9530-76984D73483E}.Debug|x64.Build.0 = Debug|x64
		{467B3B96-706C-43FE-9530-76984D73483E}.Debug|x86.ActiveCfg = Debug|Win32
		{467B3B96-706C-43FE-9530-76984D73483E}.Debug|x86.Build.0 = Debug|Win32
		{467B3B96-706C-43FE-9530-76984D73483E}.Release|x64.ActiveCfg = Release|x64
		{467B3B96-706C-43FE-9530-76984D73483E}.Release|x64.Build.0 = Release|x64
		{467B3B96-706C-43FE-9530-76984D73483E}.Release|x86.ActiveCfg = Release|Win32
		{467B3B96-706C-43FE-9530-76984D73483E}.Release|x86.Build.0 = Release|Win32
	EndGlobalSection
	GlobalSection(SolutionProperties) = preSolution
		HideSolutionNode = FALSE
	EndGlobalSection
EndGlobal
